
Microsoft Visual Studio Solution File, Format Version 12.00
# Visual Studio Version 17
VisualStudioVersion = 17.9.34622.214
MinimumVisualStudioVersion = 10.0.40219.1
Project("{FAE04EC0-301F-11D3-BF4B-00C04F79EFBC}") = "UniCatalog", "UniCatalog\UniCatalog.csproj", "{24023FC0-C139-45AF-B94B-90CA55F0FF0D}"
EndProject
Global
	GlobalSection(SolutionConfigurationPlatforms) = preSolution
		Debug|Any CPU = Debug|Any CPU
		Release|Any CPU = Release|Any CPU
	EndGlobalSection
	GlobalSection(ProjectConfigurationPlatforms) = postSolution
		{24023FC0-C139-45AF-B94B-90CA55F0FF0D}.Debug|Any CPU.ActiveCfg = Debug|Any CPU
		{24023FC0-C139-45AF-B94B-90CA55F0FF0D}.Debug|Any CPU.Build.0 = Debug|Any CPU
		{24023FC0-C139-45AF-B94B-90CA55F0FF0D}.Release|Any CPU.ActiveCfg = Release|Any CPU
		{24023FC0-C139-45AF-B94B-90CA55F0FF0D}.Release|Any CPU.Build.0 = Release|Any CPU
	EndGlobalSection
	GlobalSection(SolutionProperties) = preSolution
		HideSolutionNode = FALSE
	EndGlobalSection
	GlobalSection(ExtensibilityGlobals) = postSolution
		SolutionGuid = {719797DD-8790-4FAF-B5A5-53F899FC30FC}
	EndGlobalSection
EndGlobal
